
Microsoft Visual Studio Solution File, Format Version 12.00
# Visual Studio Version 17
VisualStudioVersion = 17.5.33627.172
MinimumVisualStudioVersion = 10.0.40219.1
Project("{FAE04EC0-301F-11D3-BF4B-00C04F79EFBC}") = "SimulacionParcial.Consola", "SimulacionParcial.Consola\SimulacionParcial.Consola.csproj", "{A0126F8D-7766-4747-A6AA-40937F81FD0C}"
EndProject
Global
	GlobalSection(SolutionConfigurationPlatforms) = preSolution
		Debug|Any CPU = Debug|Any CPU
		Release|Any CPU = Release|Any CPU
	EndGlobalSection
	GlobalSection(ProjectConfigurationPlatforms) = postSolution
		{A0126F8D-7766-4747-A6AA-40937F81FD0C}.Debug|Any CPU.ActiveCfg = Debug|Any CPU
		{A0126F8D-7766-4747-A6AA-40937F81FD0C}.Debug|Any CPU.Build.0 = Debug|Any CPU
		{A0126F8D-7766-4747-A6AA-40937F81FD0C}.Release|Any CPU.ActiveCfg = Release|Any CPU
		{A0126F8D-7766-4747-A6AA-40937F81FD0C}.Release|Any CPU.Build.0 = Release|Any CPU
	EndGlobalSection
	GlobalSection(SolutionProperties) = preSolution
		HideSolutionNode = FALSE
	EndGlobalSection
	GlobalSection(ExtensibilityGlobals) = postSolution
		SolutionGuid = {89605898-6356-4543-BFF6-42C1C8CDD621}
	EndGlobalSection
EndGlobal
